
Microsoft Visual Studio Solution File, Format Version 12.00
# Visual Studio Version 17
VisualStudioVersion = 17.1.32228.430
MinimumVisualStudioVersion = 10.0.40219.1
Project("{8BC9CEB8-8B4A-11D0-8D11-00A0C91BC942}") = "task_2", "task_2\task_2.vcxproj", "{0732AD45-B172-4C34-A59D-F22C01E4DCD2}"
EndProject
Global
	GlobalSection(SolutionConfigurationPlatforms) = preSolution
		Debug|x64 = Debug|x64
		Debug|x86 = Debug|x86
		Release|x64 = Release|x64
		Release|x86 = Release|x86
	EndGlobalSection
	GlobalSection(ProjectConfigurationPlatforms) = postSolution
		{0732AD45-B172-4C34-A59D-F22C01E4DCD2}.Debug|x64.ActiveCfg = Debug|x64
		{0732AD45-B172-4C34-A59D-F22C01E4DCD2}.Debug|x64.Build.0 = Debug|x64
		{0732AD45-B172-4C34-A59D-F22C01E4DCD2}.Debug|x86.ActiveCfg = Debug|Win32
		{0732AD45-B172-4C34-A59D-F22C01E4DCD2}.Debug|x86.Build.0 = Debug|Win32
		{0732AD45-B172-4C34-A59D-F22C01E4DCD2}.Release|x64.ActiveCfg = Release|x64
		{0732AD45-B172-4C34-A59D-F22C01E4DCD2}.Release|x64.Build.0 = Release|x64
		{0732AD45-B172-4C34-A59D-F22C01E4DCD2}.Release|x86.ActiveCfg = Release|Win32
		{0732AD45-B172-4C34-A59D-F22C01E4DCD2}.Release|x86.Build.0 = Release|Win32
	EndGlobalSection
	GlobalSection(SolutionProperties) = preSolution
		HideSolutionNode = FALSE
	EndGlobalSection
	GlobalSection(ExtensibilityGlobals) = postSolution
		SolutionGuid = {F953652D-97B3-4BAB-A48D-572BB6667928}
	EndGlobalSection
EndGlobal
